
Microsoft Visual Studio Solution File, Format Version 12.00
# Visual Studio Version 16
VisualStudioVersion = 16.6.30114.105
MinimumVisualStudioVersion = 10.0.40219.1
Project("{9A19103F-16F7-4668-BE54-9A1E7A4F7556}") = "R5T.L0012.Construction", "R5T.L0012.Construction\R5T.L0012.Construction.csproj", "{8FE32C8C-54E0-45BA-A76B-15C8434DD035}"
EndProject
Project("{9A19103F-16F7-4668-BE54-9A1E7A4F7556}") = "R5T.L0012", "R5T.L0012\R5T.L0012.csproj", "{CD641E27-4232-4E22-9A06-3D42E1002184}"
EndProject
Project("{9A19103F-16F7-4668-BE54-9A1E7A4F7556}") = "R5T.L0012.L001", "R5T.L0012.L001\R5T.L0012.L001.csproj", "{F96A3920-B01F-4FA0-9E9F-B68D8E93AD6D}"
EndProject
Project("{9A19103F-16F7-4668-BE54-9A1E7A4F7556}") = "R5T.L0012.T001", "R5T.L0012.T001\R5T.L0012.T001.csproj", "{ADFED8B1-5204-4B43-AD65-E7EB2D3836A3}"
EndProject
Project("{2150E333-8FDC-42A3-9474-1A3956D46DE8}") = "_Dependencies", "_Dependencies", "{4315AC19-CA00-4B7C-9AD9-7EB2EBD57D0D}"
EndProject
Project("{9A19103F-16F7-4668-BE54-9A1E7A4F7556}") = "R5T.T0039.T002", "..\..\R5T.T0039\source\R5T.T0039.T002\R5T.T0039.T002.csproj", "{85D19831-A2E2-4DA5-9834-0F52ED1A302A}"
EndProject
Project("{9A19103F-16F7-4668-BE54-9A1E7A4F7556}") = "R5T.L0012.T001.X001", "R5T.L0012.T001.X001\R5T.L0012.T001.X001.csproj", "{A6C4814B-3636-44FF-8A35-610AE6311557}"
EndProject
Project("{9A19103F-16F7-4668-BE54-9A1E7A4F7556}") = "R5T.L0012.T001.X002", "R5T.L0012.T001.X002\R5T.L0012.T001.X002.csproj", "{56B31F81-FFBC-40DE-BF77-2B7D2B7C5511}"
EndProject
Project("{FAE04EC0-301F-11D3-BF4B-00C04F79EFBC}") = "R5T.L0012.T002", "R5T.L0012.T002\R5T.L0012.T002.csproj", "{513027DC-5AFD-40BA-A947-813F99B12F2F}"
EndProject
Global
	GlobalSection(SolutionConfigurationPlatforms) = preSolution
		Debug|Any CPU = Debug|Any CPU
		Debug|x64 = Debug|x64
		Debug|x86 = Debug|x86
		Release|Any CPU = Release|Any CPU
		Release|x64 = Release|x64
		Release|x86 = Release|x86
	EndGlobalSection
	GlobalSection(ProjectConfigurationPlatforms) = postSolution
		{8FE32C8C-54E0-45BA-A76B-15C8434DD035}.Debug|Any CPU.ActiveCfg = Debug|Any CPU
		{8FE32C8C-54E0-45BA-A76B-15C8434DD035}.Debug|Any CPU.Build.0 = Debug|Any CPU
		{8FE32C8C-54E0-45BA-A76B-15C8434DD035}.Debug|x64.ActiveCfg = Debug|Any CPU
		{8FE32C8C-54E0-45BA-A76B-15C8434DD035}.Debug|x64.Build.0 = Debug|Any CPU
		{8FE32C8C-54E0-45BA-A76B-15C8434DD035}.Debug|x86.ActiveCfg = Debug|Any CPU
		{8FE32C8C-54E0-45BA-A76B-15C8434DD035}.Debug|x86.Build.0 = Debug|Any CPU
		{8FE32C8C-54E0-45BA-A76B-15C8434DD035}.Release|Any CPU.ActiveCfg = Release|Any CPU
		{8FE32C8C-54E0-45BA-A76B-15C8434DD035}.Release|Any CPU.Build.0 = Release|Any CPU
		{8FE32C8C-54E0-45BA-A76B-15C8434DD035}.Release|x64.ActiveCfg = Release|Any CPU
		{8FE32C8C-54E0-45BA-A76B-15C8434DD035}.Release|x64.Build.0 = Release|Any CPU
		{8FE32C8C-54E0-45BA-A76B-15C8434DD035}.Release|x86.ActiveCfg = Release|Any CPU
		{8FE32C8C-54E0-45BA-A76B-15C8434DD035}.Release|x86.Build.0 = Release|Any CPU
		{CD641E27-4232-4E22-9A06-3D42E1002184}.Debug|Any CPU.ActiveCfg = Debug|Any CPU
		{CD641E27-4232-4E22-9A06-3D42E1002184}.Debug|Any CPU.Build.0 = Debug|Any CPU
		{CD641E27-4232-4E22-9A06-3D42E1002184}.Debug|x64.ActiveCfg = Debug|Any CPU
		{CD641E27-4232-4E22-9A06-3D42E1002184}.Debug|x64.Build.0 = Debug|Any CPU
		{CD641E27-4232-4E22-9A06-3D42E1002184}.Debug|x86.ActiveCfg = Debug|Any CPU
		{CD641E27-4232-4E22-9A06-3D42E1002184}.Debug|x86.Build.0 = Debug|Any CPU
		{CD641E27-4232-4E22-9A06-3D42E1002184}.Release|Any CPU.ActiveCfg = Release|Any CPU
		{CD641E27-4232-4E22-9A06-3D42E1002184}.Release|Any CPU.Build.0 = Release|Any CPU
		{CD641E27-4232-4E22-9A06-3D42E1002184}.Release|x64.ActiveCfg = Release|Any CPU
		{CD641E27-4232-4E22-9A06-3D42E1002184}.Release|x64.Build.0 = Release|Any CPU
		{CD641E27-4232-4E22-9A06-3D42E1002184}.Release|x86.ActiveCfg = Release|Any CPU
		{CD641E27-4232-4E22-9A06-3D42E1002184}.Release|x86.Build.0 = Release|Any CPU
		{F96A3920-B01F-4FA0-9E9F-B68D8E93AD6D}.Debug|Any CPU.ActiveCfg = Debug|Any CPU
		{F96A3920-B01F-4FA0-9E9F-B68D8E93AD6D}.Debug|Any CPU.Build.0 = Debug|Any CPU
		{F96A3920-B01F-4FA0-9E9F-B68D8E93AD6D}.Debug|x64.ActiveCfg = Debug|Any CPU
		{F96A3920-B01F-4FA0-9E9F-B68D8E93AD6D}.Debug|x64.Build.0 = Debug|Any CPU
		{F96A3920-B01F-4FA0-9E9F-B68D8E93AD6D}.Debug|x86.ActiveCfg = Debug|Any CPU
		{F96A3920-B01F-4FA0-9E9F-B68D8E93AD6D}.Debug|x86.Build.0 = Debug|Any CPU
		{F96A3920-B01F-4FA0-9E9F-B68D8E93AD6D}.Release|Any CPU.ActiveCfg = Release|Any CPU
		{F96A3920-B01F-4FA0-9E9F-B68D8E93AD6D}.Release|Any CPU.Build.0 = Release|Any CPU
		{F96A3920-B01F-4FA0-9E9F-B68D8E93AD6D}.Release|x64.ActiveCfg = Release|Any CPU
		{F96A3920-B01F-4FA0-9E9F-B68D8E93AD6D}.Release|x64.Build.0 = Release|Any CPU
		{F96A3920-B01F-4FA0-9E9F-B68D8E93AD6D}.Release|x86.ActiveCfg = Release|Any CPU
		{F96A3920-B01F-4FA0-9E9F-B68D8E93AD6D}.Release|x86.Build.0 = Release|Any CPU
		{ADFED8B1-5204-4B43-AD65-E7EB2D3836A3}.Debug|Any CPU.ActiveCfg = Debug|Any CPU
		{ADFED8B1-5204-4B43-AD65-E7EB2D3836A3}.Debug|Any CPU.Build.0 = Debug|Any CPU
		{ADFED8B1-5204-4B43-AD65-E7EB2D3836A3}.Debug|x64.ActiveCfg = Debug|Any CPU
		{ADFED8B1-5204-4B43-AD65-E7EB2D3836A3}.Debug|x64.Build.0 = Debug|Any CPU
		{ADFED8B1-5204-4B43-AD65-E7EB2D3836A3}.Debug|x86.ActiveCfg = Debug|Any CPU
		{ADFED8B1-5204-4B43-AD65-E7EB2D3836A3}.Debug|x86.Build.0 = Debug|Any CPU
		{ADFED8B1-5204-4B43-AD65-E7EB2D3836A3}.Release|Any CPU.ActiveCfg = Release|Any CPU
		{ADFED8B1-5204-4B43-AD65-E7EB2D3836A3}.Release|Any CPU.Build.0 = Release|Any CPU
		{ADFED8B1-5204-4B43-AD65-E7EB2D3836A3}.Release|x64.ActiveCfg = Release|Any CPU
		{ADFED8B1-5204-4B43-AD65-E7EB2D3836A3}.Release|x64.Build.0 = Release|Any CPU
		{ADFED8B1-5204-4B43-AD65-E7EB2D3836A3}.Release|x86.ActiveCfg = Release|Any CPU
		{ADFED8B1-5204-4B43-AD65-E7EB2D3836A3}.Release|x86.Build.0 = Release|Any CPU
		{85D19831-A2E2-4DA5-9834-0F52ED1A302A}.Debug|Any CPU.ActiveCfg = Debug|Any CPU
		{85D19831-A2E2-4DA5-9834-0F52ED1A302A}.Debug|Any CPU.Build.0 = Debug|Any CPU
		{85D19831-A2E2-4DA5-9834-0F52ED1A302A}.Debug|x64.ActiveCfg = Debug|Any CPU
		{85D19831-A2E2-4DA5-9834-0F52ED1A302A}.Debug|x64.Build.0 = Debug|Any CPU
		{85D19831-A2E2-4DA5-9834-0F52ED1A302A}.Debug|x86.ActiveCfg = Debug|Any CPU
		{85D19831-A2E2-4DA5-9834-0F52ED1A302A}.Debug|x86.Build.0 = Debug|Any CPU
		{85D19831-A2E2-4DA5-9834-0F52ED1A302A}.Release|Any CPU.ActiveCfg = Release|Any CPU
		{85D19831-A2E2-4DA5-9834-0F52ED1A302A}.Release|Any CPU.Build.0 = Release|Any CPU
		{85D19831-A2E2-4DA5-9834-0F52ED1A302A}.Release|x64.ActiveCfg = Release|Any CPU
		{85D19831-A2E2-4DA5-9834-0F52ED1A302A}.Release|x64.Build.0 = Release|Any CPU
		{85D19831-A2E2-4DA5-9834-0F52ED1A302A}.Release|x86.ActiveCfg = Release|Any CPU
		{85D19831-A2E2-4DA5-9834-0F52ED1A302A}.Release|x86.Build.0 = Release|Any CPU
		{A6C4814B-3636-44FF-8A35-610AE6311557}.Debug|Any CPU.ActiveCfg = Debug|Any CPU
		{A6C4814B-3636-44FF-8A35-610AE6311557}.Debug|Any CPU.Build.0 = Debug|Any CPU
		{A6C4814B-3636-44FF-8A35-610AE6311557}.Debug|x64.ActiveCfg = Debug|Any CPU
		{A6C4814B-3636-44FF-8A35-610AE6311557}.Debug|x64.Build.0 = Debug|Any CPU
		{A6C4814B-3636-44FF-8A35-610AE6311557}.Debug|x86.ActiveCfg = Debug|Any CPU
		{A6C4814B-3636-44FF-8A35-610AE6311557}.Debug|x86.Build.0 = Debug|Any CPU
		{A6C4814B-3636-44FF-8A35-610AE6311557}.Release|Any CPU.ActiveCfg = Release|Any CPU
		{A6C4814B-3636-44FF-8A35-610AE6311557}.Release|Any CPU.Build.0 = Release|Any CPU
		{A6C4814B-3636-44FF-8A35-610AE6311557}.Release|x64.ActiveCfg = Release|Any CPU
		{A6C4814B-3636-44FF-8A35-610AE6311557}.Release|x64.Build.0 = Release|Any CPU
		{A6C4814B-3636-44FF-8A35-610AE6311557}.Release|x86.ActiveCfg = Release|Any CPU
		{A6C4814B-3636-44FF-8A35-610AE6311557}.Release|x86.Build.0 = Release|Any CPU
		{56B31F81-FFBC-40DE-BF77-2B7D2B7C5511}.Debug|Any CPU.ActiveCfg = Debug|Any CPU
		{56B31F81-FFBC-40DE-BF77-2B7D2B7C5511}.Debug|Any CPU.Build.0 = Debug|Any CPU
		{56B31F81-FFBC-40DE-BF77-2B7D2B7C5511}.Debug|x64.ActiveCfg = Debug|Any CPU
		{56B31F81-FFBC-40DE-BF77-2B7D2B7C5511}.Debug|x64.Build.0 = Debug|Any CPU
		{56B31F81-FFBC-40DE-BF77-2B7D2B7C5511}.Debug|x86.ActiveCfg = Debug|Any CPU
		{56B31F81-FFBC-40DE-BF77-2B7D2B7C5511}.Debug|x86.Build.0 = Debug|Any CPU
		{56B31F81-FFBC-40DE-BF77-2B7D2B7C5511}.Release|Any CPU.ActiveCfg = Release|Any CPU
		{56B31F81-FFBC-40DE-BF77-2B7D2B7C5511}.Release|Any CPU.Build.0 = Release|Any CPU
		{56B31F81-FFBC-40DE-BF77-2B7D2B7C5511}.Release|x64.ActiveCfg = Release|Any CPU
		{56B31F81-FFBC-40DE-BF77-2B7D2B7C5511}.Release|x64.Build.0 = Release|Any CPU
		{56B31F81-FFBC-40DE-BF77-2B7D2B7C5511}.Release|x86.ActiveCfg = Release|Any CPU
		{56B31F81-FFBC-40DE-BF77-2B7D2B7C5511}.Release|x86.Build.0 = Release|Any CPU
		{513027DC-5AFD-40BA-A947-813F99B12F2F}.Debug|Any CPU.ActiveCfg = Debug|Any CPU
		{513027DC-5AFD-40BA-A947-813F99B12F2F}.Debug|Any CPU.Build.0 = Debug|Any CPU
		{513027DC-5AFD-40BA-A947-813F99B12F2F}.Debug|x64.ActiveCfg = Debug|Any CPU
		{513027DC-5AFD-40BA-A947-813F99B12F2F}.Debug|x64.Build.0 = Debug|Any CPU
		{513027DC-5AFD-40BA-A947-813F99B12F2F}.Debug|x86.ActiveCfg = Debug|Any CPU
		{513027DC-5AFD-40BA-A947-813F99B12F2F}.Debug|x86.Build.0 = Debug|Any CPU
		{513027DC-5AFD-40BA-A947-813F99B12F2F}.Release|Any CPU.ActiveCfg = Release|Any CPU
		{513027DC-5AFD-40BA-A947-813F99B12F2F}.Release|Any CPU.Build.0 = Release|Any CPU
		{513027DC-5AFD-40BA-A947-813F99B12F2F}.Release|x64.ActiveCfg = Release|Any CPU
		{513027DC-5AFD-40BA-A947-813F99B12F2F}.Release|x64.Build.0 = Release|Any CPU
		{513027DC-5AFD-40BA-A947-813F99B12F2F}.Release|x86.ActiveCfg = Release|Any CPU
		{513027DC-5AFD-40BA-A947-813F99B12F2F}.Release|x86.Build.0 = Release|Any CPU
	EndGlobalSection
	GlobalSection(SolutionProperties) = preSolution
		HideSolutionNode = FALSE
	EndGlobalSection
	GlobalSection(NestedProjects) = preSolution
		{85D19831-A2E2-4DA5-9834-0F52ED1A302A} = {4315AC19-CA00-4B7C-9AD9-7EB2EBD57D0D}
	EndGlobalSection
	GlobalSection(ExtensibilityGlobals) = postSolution
		SolutionGuid = {AFB2D67E-D72F-43E7-A326-87F91463D122}
	EndGlobalSection
EndGlobal
